
Microsoft Visual Studio Solution File, Format Version 12.00
# Visual Studio 15
VisualStudioVersion = 15.0.26430.14
MinimumVisualStudioVersion = 10.0.40219.1
Project("{FAE04EC0-301F-11D3-BF4B-00C04F79EFBC}") = "DidiDerDenker.BirdsEyeView.Client", "DidisYT-Manager\DidiDerDenker.BirdsEyeView.Client.csproj", "{E1692FB8-7ACE-457F-9D1E-1E3C25ABFA35}"
EndProject
Project("{2150E333-8FDC-42A3-9474-1A3956D46DE8}") = "Client", "Client", "{056DA182-F876-408C-B2B6-36799D2ED06F}"
EndProject
Project("{2150E333-8FDC-42A3-9474-1A3956D46DE8}") = "Controls", "Controls", "{9ECB1FBD-1B78-4B99-8445-2B1929B42EEB}"
EndProject
Project("{FAE04EC0-301F-11D3-BF4B-00C04F79EFBC}") = "DidiDerDenker.BirdsEyeView.Controls", "Controls\DidiDerDenker.BirdsEyeView.Controls.csproj", "{2A18DCA5-45A5-4070-8F4D-37747DE1A730}"
EndProject
Project("{FAE04EC0-301F-11D3-BF4B-00C04F79EFBC}") = "DidiDerDenker.BirdsEyeView.Converter", "DidiDerDenker.BirdsEyeView.Converter\DidiDerDenker.BirdsEyeView.Converter.csproj", "{8D0BFD07-7062-42DA-9260-8BDCD6E18A91}"
EndProject
Project("{2150E333-8FDC-42A3-9474-1A3956D46DE8}") = "Converter", "Converter", "{46AE0AEC-BD7F-45C9-A686-401EA59977C9}"
EndProject
Project("{2150E333-8FDC-42A3-9474-1A3956D46DE8}") = "Database", "Database", "{3FBF05BC-8038-4927-866B-9CA43AE6C0AB}"
EndProject
Project("{FAE04EC0-301F-11D3-BF4B-00C04F79EFBC}") = "DidiDerDenker.BirdsEyeView.Database", "DidiDerDenker.BirdsEyeView.Database\DidiDerDenker.BirdsEyeView.Database.csproj", "{9B3D90B6-2D70-41F3-96A6-572F5859C16B}"
EndProject
Project("{2150E333-8FDC-42A3-9474-1A3956D46DE8}") = "Objects", "Objects", "{88977CA4-6406-4B84-BD5C-95040A96D1E9}"
EndProject
Project("{2150E333-8FDC-42A3-9474-1A3956D46DE8}") = "Operations", "Operations", "{B5CC6487-842C-4A5E-9B9C-F191938ABED0}"
EndProject
Project("{FAE04EC0-301F-11D3-BF4B-00C04F79EFBC}") = "DidiDerDenker.BirdsEyeView.Objects", "DidiDerDenker.BirdsEyeView.Objects\DidiDerDenker.BirdsEyeView.Objects.csproj", "{139C33A0-402B-41A6-96DA-49E542E00C9C}"
EndProject
Project("{FAE04EC0-301F-11D3-BF4B-00C04F79EFBC}") = "DidiDerDenker.BirdsEyeView.Operations", "DidiDerDenker.BirdsEyeView.Operations\DidiDerDenker.BirdsEyeView.Operations.csproj", "{368CDE91-3B70-43FB-9F10-11AC9D2C3860}"
EndProject
Global
	GlobalSection(SolutionConfigurationPlatforms) = preSolution
		Debug|Any CPU = Debug|Any CPU
		Release|Any CPU = Release|Any CPU
	EndGlobalSection
	GlobalSection(ProjectConfigurationPlatforms) = postSolution
		{E1692FB8-7ACE-457F-9D1E-1E3C25ABFA35}.Debug|Any CPU.ActiveCfg = Debug|Any CPU
		{E1692FB8-7ACE-457F-9D1E-1E3C25ABFA35}.Debug|Any CPU.Build.0 = Debug|Any CPU
		{E1692FB8-7ACE-457F-9D1E-1E3C25ABFA35}.Release|Any CPU.ActiveCfg = Release|Any CPU
		{E1692FB8-7ACE-457F-9D1E-1E3C25ABFA35}.Release|Any CPU.Build.0 = Release|Any CPU
		{2A18DCA5-45A5-4070-8F4D-37747DE1A730}.Debug|Any CPU.ActiveCfg = Debug|Any CPU
		{2A18DCA5-45A5-4070-8F4D-37747DE1A730}.Debug|Any CPU.Build.0 = Debug|Any CPU
		{2A18DCA5-45A5-4070-8F4D-37747DE1A730}.Release|Any CPU.ActiveCfg = Release|Any CPU
		{2A18DCA5-45A5-4070-8F4D-37747DE1A730}.Release|Any CPU.Build.0 = Release|Any CPU
		{8D0BFD07-7062-42DA-9260-8BDCD6E18A91}.Debug|Any CPU.ActiveCfg = Debug|Any CPU
		{8D0BFD07-7062-42DA-9260-8BDCD6E18A91}.Debug|Any CPU.Build.0 = Debug|Any CPU
		{8D0BFD07-7062-42DA-9260-8BDCD6E18A91}.Release|Any CPU.ActiveCfg = Release|Any CPU
		{8D0BFD07-7062-42DA-9260-8BDCD6E18A91}.Release|Any CPU.Build.0 = Release|Any CPU
		{9B3D90B6-2D70-41F3-96A6-572F5859C16B}.Debug|Any CPU.ActiveCfg = Debug|Any CPU
		{9B3D90B6-2D70-41F3-96A6-572F5859C16B}.Debug|Any CPU.Build.0 = Debug|Any CPU
		{9B3D90B6-2D70-41F3-96A6-572F5859C16B}.Release|Any CPU.ActiveCfg = Release|Any CPU
		{9B3D90B6-2D70-41F3-96A6-572F5859C16B}.Release|Any CPU.Build.0 = Release|Any CPU
		{139C33A0-402B-41A6-96DA-49E542E00C9C}.Debug|Any CPU.ActiveCfg = Debug|Any CPU
		{139C33A0-402B-41A6-96DA-49E542E00C9C}.Debug|Any CPU.Build.0 = Debug|Any CPU
		{139C33A0-402B-41A6-96DA-49E542E00C9C}.Release|Any CPU.ActiveCfg = Release|Any CPU
		{139C33A0-402B-41A6-96DA-49E542E00C9C}.Release|Any CPU.Build.0 = Release|Any CPU
		{368CDE91-3B70-43FB-9F10-11AC9D2C3860}.Debug|Any CPU.ActiveCfg = Debug|Any CPU
		{368CDE91-3B70-43FB-9F10-11AC9D2C3860}.Debug|Any CPU.Build.0 = Debug|Any CPU
		{368CDE91-3B70-43FB-9F10-11AC9D2C3860}.Release|Any CPU.ActiveCfg = Release|Any CPU
		{368CDE91-3B70-43FB-9F10-11AC9D2C3860}.Release|Any CPU.Build.0 = Release|Any CPU
	EndGlobalSection
	GlobalSection(SolutionProperties) = preSolution
		HideSolutionNode = FALSE
	EndGlobalSection
	GlobalSection(NestedProjects) = preSolution
		{E1692FB8-7ACE-457F-9D1E-1E3C25ABFA35} = {056DA182-F876-408C-B2B6-36799D2ED06F}
		{2A18DCA5-45A5-4070-8F4D-37747DE1A730} = {9ECB1FBD-1B78-4B99-8445-2B1929B42EEB}
		{8D0BFD07-7062-42DA-9260-8BDCD6E18A91} = {46AE0AEC-BD7F-45C9-A686-401EA59977C9}
		{9B3D90B6-2D70-41F3-96A6-572F5859C16B} = {3FBF05BC-8038-4927-866B-9CA43AE6C0AB}
		{139C33A0-402B-41A6-96DA-49E542E00C9C} = {88977CA4-6406-4B84-BD5C-95040A96D1E9}
		{368CDE91-3B70-43FB-9F10-11AC9D2C3860} = {B5CC6487-842C-4A5E-9B9C-F191938ABED0}
	EndGlobalSection
EndGlobal
